// !$*UTF8*$!
{
	archiveVersion = 1;
	classes = {
	};
	objectVersion = 55;
	objects = {

/* Begin PBXBuildFile section */
		6F19293C27AD8BED00E74D57 /* Ball.swift in Sources */ = {isa = PBXBuildFile; fileRef = 6F19293B27AD8BED00E74D57 /* Ball.swift */; };
		6F1C9E91279BEEF60058C36A /* PhysicsBody.swift in Sources */ = {isa = PBXBuildFile; fileRef = 6F1C9E90279BEEF60058C36A /* PhysicsBody.swift */; };
		6F1C9E93279BF2A70058C36A /* PhysicsEngine.swift in Sources */ = {isa = PBXBuildFile; fileRef = 6F1C9E92279BF2A70058C36A /* PhysicsEngine.swift */; };
		6F1C9E95279BF4B50058C36A /* CircleBody.swift in Sources */ = {isa = PBXBuildFile; fileRef = 6F1C9E94279BF4B50058C36A /* CircleBody.swift */; };
		6F1C9E97279C03210058C36A /* GameObject.swift in Sources */ = {isa = PBXBuildFile; fileRef = 6F1C9E96279C03210058C36A /* GameObject.swift */; };
		6F254F7427C927D100AA915B /* BucketComponent.swift in Sources */ = {isa = PBXBuildFile; fileRef = 6F254F7327C927D100AA915B /* BucketComponent.swift */; };
		6F254F7627C931FA00AA915B /* WallComponent.swift in Sources */ = {isa = PBXBuildFile; fileRef = 6F254F7527C931FA00AA915B /* WallComponent.swift */; };
		6F254F7C27C9CAE400AA915B /* ScoreEngine.swift in Sources */ = {isa = PBXBuildFile; fileRef = 6F254F7B27C9CAE400AA915B /* ScoreEngine.swift */; };
		6F254F7E27CA1BBC00AA915B /* TriangleBlockComponent.swift in Sources */ = {isa = PBXBuildFile; fileRef = 6F254F7D27CA1BBC00AA915B /* TriangleBlockComponent.swift */; };
		6F2F5EE527A94E8F00D3F9B6 /* StartGameView.swift in Sources */ = {isa = PBXBuildFile; fileRef = 6F2F5EE427A94E8F00D3F9B6 /* StartGameView.swift */; };
		6F374B5927A9B7BF0098F78E /* StartGameViewModel.swift in Sources */ = {isa = PBXBuildFile; fileRef = 6F374B5827A9B7BF0098F78E /* StartGameViewModel.swift */; };
		6F374B5C27AA21150098F78E /* GameRenderer.swift in Sources */ = {isa = PBXBuildFile; fileRef = 6F374B5B27AA21150098F78E /* GameRenderer.swift */; };
		6F455AC527C7D3DE003435B0 /* OscillatingComponent.swift in Sources */ = {isa = PBXBuildFile; fileRef = 6F455AC427C7D3DE003435B0 /* OscillatingComponent.swift */; };
		6F4675F527C782D60058A2BF /* SpookyPeg.swift in Sources */ = {isa = PBXBuildFile; fileRef = 6F4675F427C782D60058A2BF /* SpookyPeg.swift */; };
		6F4675F727C783A00058A2BF /* KaboomPeg.swift in Sources */ = {isa = PBXBuildFile; fileRef = 6F4675F627C783A00058A2BF /* KaboomPeg.swift */; };
		6F4675F927C789790058A2BF /* SpookyPegComponent.swift in Sources */ = {isa = PBXBuildFile; fileRef = 6F4675F827C789790058A2BF /* SpookyPegComponent.swift */; };
		6F4675FB27C797070058A2BF /* KaboomPegComponent.swift in Sources */ = {isa = PBXBuildFile; fileRef = 6F4675FA27C797070058A2BF /* KaboomPegComponent.swift */; };
		6F4675FD27C798DF0058A2BF /* CannonBallComponent.swift in Sources */ = {isa = PBXBuildFile; fileRef = 6F4675FC27C798DF0058A2BF /* CannonBallComponent.swift */; };
		6F46760127C79AE50058A2BF /* PegComponent.swift in Sources */ = {isa = PBXBuildFile; fileRef = 6F46760027C79AE50058A2BF /* PegComponent.swift */; };
		6F46760527C7CB020058A2BF /* ActivateOnHitComponent.swift in Sources */ = {isa = PBXBuildFile; fileRef = 6F46760427C7CB020058A2BF /* ActivateOnHitComponent.swift */; };
		6F54930227C4F33000EB9568 /* StartMenuView.swift in Sources */ = {isa = PBXBuildFile; fileRef = 6F54930127C4F33000EB9568 /* StartMenuView.swift */; };
		6F54930527C4F3EB00EB9568 /* LogoView.swift in Sources */ = {isa = PBXBuildFile; fileRef = 6F54930427C4F3EB00EB9568 /* LogoView.swift */; };
		6F54930727C5138600EB9568 /* SelectLevelView.swift in Sources */ = {isa = PBXBuildFile; fileRef = 6F54930627C5138600EB9568 /* SelectLevelView.swift */; };
		6F54930927C514BC00EB9568 /* SelectLevelViewModel.swift in Sources */ = {isa = PBXBuildFile; fileRef = 6F54930827C514BC00EB9568 /* SelectLevelViewModel.swift */; };
		6F54930B27C518E300EB9568 /* SelectObjectView.swift in Sources */ = {isa = PBXBuildFile; fileRef = 6F54930A27C518E300EB9568 /* SelectObjectView.swift */; };
		6F54931227C6297B00EB9568 /* Component.swift in Sources */ = {isa = PBXBuildFile; fileRef = 6F54931127C6297B00EB9568 /* Component.swift */; };
		6F54931627C62A7B00EB9568 /* PhysicsComponent.swift in Sources */ = {isa = PBXBuildFile; fileRef = 6F54931527C62A7B00EB9568 /* PhysicsComponent.swift */; };
		6F54931927C62B9000EB9568 /* EntityComponentSystem.swift in Sources */ = {isa = PBXBuildFile; fileRef = 6F54931827C62B9000EB9568 /* EntityComponentSystem.swift */; };
		6F54931E27C68A0E00EB9568 /* TriangleBlock.swift in Sources */ = {isa = PBXBuildFile; fileRef = 6F54931D27C68A0E00EB9568 /* TriangleBlock.swift */; };
		6F54932027C68A5100EB9568 /* TriangleBody.swift in Sources */ = {isa = PBXBuildFile; fileRef = 6F54931F27C68A5100EB9568 /* TriangleBody.swift */; };
		6F5BD97F27A5582900988D75 /* KeyboardResponder.swift in Sources */ = {isa = PBXBuildFile; fileRef = 6F5BD97E27A5582900988D75 /* KeyboardResponder.swift */; };
		6F67843B2796584F0086CC9A /* PegglegameApp.swift in Sources */ = {isa = PBXBuildFile; fileRef = 6F67843A2796584F0086CC9A /* PegglegameApp.swift */; };
		6F67843F279658510086CC9A /* Assets.xcassets in Resources */ = {isa = PBXBuildFile; fileRef = 6F67843E279658510086CC9A /* Assets.xcassets */; };
		6F678442279658510086CC9A /* Preview Assets.xcassets in Resources */ = {isa = PBXBuildFile; fileRef = 6F678441279658510086CC9A /* Preview Assets.xcassets */; };
		6F8DC7A927B50B0A00B7D01A /* CoreGraphics+Extensions.swift in Sources */ = {isa = PBXBuildFile; fileRef = 6F8DC7A827B50B0A00B7D01A /* CoreGraphics+Extensions.swift */; };
		6F8DC7AB27B5238200B7D01A /* PhysicsEngineUtils.swift in Sources */ = {isa = PBXBuildFile; fileRef = 6F8DC7AA27B5238200B7D01A /* PhysicsEngineUtils.swift */; };
		6F8DC7AD27B52B5400B7D01A /* RectangleBody.swift in Sources */ = {isa = PBXBuildFile; fileRef = 6F8DC7AC27B52B5400B7D01A /* RectangleBody.swift */; };
		6F8DC7AF27B5EC6F00B7D01A /* Wall.swift in Sources */ = {isa = PBXBuildFile; fileRef = 6F8DC7AE27B5EC6F00B7D01A /* Wall.swift */; };
		6F9B27CD27B6B880001EBF82 /* GameEngine.swift in Sources */ = {isa = PBXBuildFile; fileRef = 6F9B27CC27B6B880001EBF82 /* GameEngine.swift */; };
		6FA1870327C86F530070A1AF /* SpookyBallComponent.swift in Sources */ = {isa = PBXBuildFile; fileRef = 6FA1870227C86F530070A1AF /* SpookyBallComponent.swift */; };
		6FA1870527C886640070A1AF /* BluePegComponent.swift in Sources */ = {isa = PBXBuildFile; fileRef = 6FA1870427C886640070A1AF /* BluePegComponent.swift */; };
		6FA1870727C8866D0070A1AF /* OrangePegComponent.swift in Sources */ = {isa = PBXBuildFile; fileRef = 6FA1870627C8866D0070A1AF /* OrangePegComponent.swift */; };
		6FB8011027A29BC300B82496 /* Board.swift in Sources */ = {isa = PBXBuildFile; fileRef = 6FB8010F27A29BC300B82496 /* Board.swift */; };
		6FB8011227A29D2000B82496 /* EncodableObject.swift in Sources */ = {isa = PBXBuildFile; fileRef = 6FB8011127A29D1F00B82496 /* EncodableObject.swift */; };
		6FBA65D5279CCEB800F32DB4 /* PlaceholderObj.swift in Sources */ = {isa = PBXBuildFile; fileRef = 6FBA65D4279CCEB800F32DB4 /* PlaceholderObj.swift */; };
		6FC1677C27B95ED50068B726 /* pegglegameTests.swift in Sources */ = {isa = PBXBuildFile; fileRef = 6FC1677B27B95ED50068B726 /* pegglegameTests.swift */; };
		6FC3CFA127B80A6A001FC7CC /* GameBoardView.swift in Sources */ = {isa = PBXBuildFile; fileRef = 6FC3CFA027B80A6A001FC7CC /* GameBoardView.swift */; };
		6FC3CFA327B80DA6001FC7CC /* BottomBarView.swift in Sources */ = {isa = PBXBuildFile; fileRef = 6FC3CFA227B80DA6001FC7CC /* BottomBarView.swift */; };
		6FCE2AE527C88F9B0030771D /* ScoreComponent.swift in Sources */ = {isa = PBXBuildFile; fileRef = 6FCE2AE427C88F9B0030771D /* ScoreComponent.swift */; };
		6FCE2AE727C896CF0030771D /* Bucket.swift in Sources */ = {isa = PBXBuildFile; fileRef = 6FCE2AE627C896CF0030771D /* Bucket.swift */; };
		6FD6FF75279955DD0050141E /* LevelDesignerView.swift in Sources */ = {isa = PBXBuildFile; fileRef = 6FD6FF74279955DD0050141E /* LevelDesignerView.swift */; };
		6FD6FF7827996E100050141E /* LevelDesignerViewModel.swift in Sources */ = {isa = PBXBuildFile; fileRef = 6FD6FF7727996E100050141E /* LevelDesignerViewModel.swift */; };
		6FD6FF7B27997C2D0050141E /* Peg.swift in Sources */ = {isa = PBXBuildFile; fileRef = 6FD6FF7A27997C2D0050141E /* Peg.swift */; };
		6FD6FF7D27997D320050141E /* BluePeg.swift in Sources */ = {isa = PBXBuildFile; fileRef = 6FD6FF7C27997D320050141E /* BluePeg.swift */; };
		6FD6FF7F27997E5A0050141E /* OrangePeg.swift in Sources */ = {isa = PBXBuildFile; fileRef = 6FD6FF7E27997E5A0050141E /* OrangePeg.swift */; };
		6FDBB80C27AC37670014463B /* LazyView.swift in Sources */ = {isa = PBXBuildFile; fileRef = 6FDBB80B27AC37670014463B /* LazyView.swift */; };
		6FF0C36C27A2EC600036BE11 /* PersistenceUtils.swift in Sources */ = {isa = PBXBuildFile; fileRef = 6FF0C36B27A2EC5F0036BE11 /* PersistenceUtils.swift */; };
		6FF0C36E27A368070036BE11 /* BoardList.swift in Sources */ = {isa = PBXBuildFile; fileRef = 6FF0C36D27A368070036BE11 /* BoardList.swift */; };
/* End PBXBuildFile section */

/* Begin PBXContainerItemProxy section */
		6FC1677D27B95ED50068B726 /* PBXContainerItemProxy */ = {
			isa = PBXContainerItemProxy;
			containerPortal = 6F67842F2796584F0086CC9A /* Project object */;
			proxyType = 1;
			remoteGlobalIDString = 6F6784362796584F0086CC9A;
			remoteInfo = pegglegame;
		};
/* End PBXContainerItemProxy section */

/* Begin PBXFileReference section */
		6F19293B27AD8BED00E74D57 /* Ball.swift */ = {isa = PBXFileReference; lastKnownFileType = sourcecode.swift; name = Ball.swift; path = Pegglegame/Model/Ball.swift; sourceTree = SOURCE_ROOT; };
		6F1C9E90279BEEF60058C36A /* PhysicsBody.swift */ = {isa = PBXFileReference; lastKnownFileType = sourcecode.swift; path = PhysicsBody.swift; sourceTree = "<group>"; };
		6F1C9E92279BF2A70058C36A /* PhysicsEngine.swift */ = {isa = PBXFileReference; lastKnownFileType = sourcecode.swift; path = PhysicsEngine.swift; sourceTree = "<group>"; };
		6F1C9E94279BF4B50058C36A /* CircleBody.swift */ = {isa = PBXFileReference; lastKnownFileType = sourcecode.swift; path = CircleBody.swift; sourceTree = "<group>"; };
		6F1C9E96279C03210058C36A /* GameObject.swift */ = {isa = PBXFileReference; lastKnownFileType = sourcecode.swift; path = GameObject.swift; sourceTree = "<group>"; };
		6F254F7327C927D100AA915B /* BucketComponent.swift */ = {isa = PBXFileReference; lastKnownFileType = sourcecode.swift; name = BucketComponent.swift; path = Pegglegame/GameComponents/Components/BucketComponent.swift; sourceTree = SOURCE_ROOT; };
		6F254F7527C931FA00AA915B /* WallComponent.swift */ = {isa = PBXFileReference; lastKnownFileType = sourcecode.swift; name = WallComponent.swift; path = Pegglegame/GameComponents/Components/WallComponent.swift; sourceTree = SOURCE_ROOT; };
		6F254F7B27C9CAE400AA915B /* ScoreEngine.swift */ = {isa = PBXFileReference; lastKnownFileType = sourcecode.swift; name = ScoreEngine.swift; path = Pegglegame/GameComponents/Entities/ScoreEngine.swift; sourceTree = SOURCE_ROOT; };
		6F254F7D27CA1BBC00AA915B /* TriangleBlockComponent.swift */ = {isa = PBXFileReference; lastKnownFileType = sourcecode.swift; name = TriangleBlockComponent.swift; path = Pegglegame/GameComponents/Components/TriangleBlockComponent.swift; sourceTree = SOURCE_ROOT; };
		6F2F5EE427A94E8F00D3F9B6 /* StartGameView.swift */ = {isa = PBXFileReference; lastKnownFileType = sourcecode.swift; name = StartGameView.swift; path = Pegglegame/View/StartGameView.swift; sourceTree = SOURCE_ROOT; };
		6F374B5827A9B7BF0098F78E /* StartGameViewModel.swift */ = {isa = PBXFileReference; lastKnownFileType = sourcecode.swift; name = StartGameViewModel.swift; path = Pegglegame/ViewModel/StartGameViewModel.swift; sourceTree = SOURCE_ROOT; };
		6F374B5B27AA21150098F78E /* GameRenderer.swift */ = {isa = PBXFileReference; lastKnownFileType = sourcecode.swift; name = GameRenderer.swift; path = Pegglegame/GameRenderer/GameRenderer.swift; sourceTree = SOURCE_ROOT; };
		6F455AC427C7D3DE003435B0 /* OscillatingComponent.swift */ = {isa = PBXFileReference; lastKnownFileType = sourcecode.swift; name = OscillatingComponent.swift; path = Pegglegame/GameComponents/Components/OscillatingComponent.swift; sourceTree = SOURCE_ROOT; };
		6F4675F427C782D60058A2BF /* SpookyPeg.swift */ = {isa = PBXFileReference; lastKnownFileType = sourcecode.swift; name = SpookyPeg.swift; path = Pegglegame/Model/Pegs/SpookyPeg.swift; sourceTree = SOURCE_ROOT; };
		6F4675F627C783A00058A2BF /* KaboomPeg.swift */ = {isa = PBXFileReference; lastKnownFileType = sourcecode.swift; name = KaboomPeg.swift; path = Pegglegame/Model/Pegs/KaboomPeg.swift; sourceTree = SOURCE_ROOT; };
		6F4675F827C789790058A2BF /* SpookyPegComponent.swift */ = {isa = PBXFileReference; lastKnownFileType = sourcecode.swift; name = SpookyPegComponent.swift; path = Pegglegame/GameComponents/Components/SpookyPegComponent.swift; sourceTree = SOURCE_ROOT; };
		6F4675FA27C797070058A2BF /* KaboomPegComponent.swift */ = {isa = PBXFileReference; lastKnownFileType = sourcecode.swift; name = KaboomPegComponent.swift; path = Pegglegame/GameComponents/Components/KaboomPegComponent.swift; sourceTree = SOURCE_ROOT; };
		6F4675FC27C798DF0058A2BF /* CannonBallComponent.swift */ = {isa = PBXFileReference; lastKnownFileType = sourcecode.swift; name = CannonBallComponent.swift; path = Pegglegame/GameComponents/Components/CannonBallComponent.swift; sourceTree = SOURCE_ROOT; };
		6F46760027C79AE50058A2BF /* PegComponent.swift */ = {isa = PBXFileReference; lastKnownFileType = sourcecode.swift; name = PegComponent.swift; path = Pegglegame/GameComponents/Components/PegComponent.swift; sourceTree = SOURCE_ROOT; };
		6F46760427C7CB020058A2BF /* ActivateOnHitComponent.swift */ = {isa = PBXFileReference; lastKnownFileType = sourcecode.swift; name = ActivateOnHitComponent.swift; path = Pegglegame/GameComponents/Components/ActivateOnHitComponent.swift; sourceTree = SOURCE_ROOT; };
		6F54930127C4F33000EB9568 /* StartMenuView.swift */ = {isa = PBXFileReference; lastKnownFileType = sourcecode.swift; name = StartMenuView.swift; path = pegglegame/View/StartMenu/StartMenuView.swift; sourceTree = SOURCE_ROOT; };
		6F54930427C4F3EB00EB9568 /* LogoView.swift */ = {isa = PBXFileReference; lastKnownFileType = sourcecode.swift; name = LogoView.swift; path = Pegglegame/View/StartMenu/LogoView.swift; sourceTree = SOURCE_ROOT; };
		6F54930627C5138600EB9568 /* SelectLevelView.swift */ = {isa = PBXFileReference; lastKnownFileType = sourcecode.swift; name = SelectLevelView.swift; path = Pegglegame/View/SelectLevelView.swift; sourceTree = SOURCE_ROOT; };
		6F54930827C514BC00EB9568 /* SelectLevelViewModel.swift */ = {isa = PBXFileReference; lastKnownFileType = sourcecode.swift; name = SelectLevelViewModel.swift; path = Pegglegame/ViewModel/SelectLevelViewModel.swift; sourceTree = SOURCE_ROOT; };
		6F54930A27C518E300EB9568 /* SelectObjectView.swift */ = {isa = PBXFileReference; lastKnownFileType = sourcecode.swift; name = SelectObjectView.swift; path = Pegglegame/View/LevelDesigner/SelectObjectView.swift; sourceTree = SOURCE_ROOT; };
		6F54931127C6297B00EB9568 /* Component.swift */ = {isa = PBXFileReference; lastKnownFileType = sourcecode.swift; name = Component.swift; path = Pegglegame/GameComponents/Components/Component.swift; sourceTree = SOURCE_ROOT; };
		6F54931527C62A7B00EB9568 /* PhysicsComponent.swift */ = {isa = PBXFileReference; lastKnownFileType = sourcecode.swift; name = PhysicsComponent.swift; path = Pegglegame/GameComponents/Components/PhysicsComponent.swift; sourceTree = SOURCE_ROOT; };
		6F54931827C62B9000EB9568 /* EntityComponentSystem.swift */ = {isa = PBXFileReference; lastKnownFileType = sourcecode.swift; name = EntityComponentSystem.swift; path = Pegglegame/GameComponents/Systems/EntityComponentSystem.swift; sourceTree = SOURCE_ROOT; };
		6F54931D27C68A0E00EB9568 /* TriangleBlock.swift */ = {isa = PBXFileReference; lastKnownFileType = sourcecode.swift; name = TriangleBlock.swift; path = Pegglegame/Model/TriangleBlock.swift; sourceTree = SOURCE_ROOT; };
		6F54931F27C68A5100EB9568 /* TriangleBody.swift */ = {isa = PBXFileReference; lastKnownFileType = sourcecode.swift; name = TriangleBody.swift; path = Pegglegame/PhysicsSimulator/TriangleBody.swift; sourceTree = SOURCE_ROOT; };
		6F5BD97E27A5582900988D75 /* KeyboardResponder.swift */ = {isa = PBXFileReference; lastKnownFileType = sourcecode.swift; path = KeyboardResponder.swift; sourceTree = "<group>"; };
		6F6784372796584F0086CC9A /* pegglegame.app */ = {isa = PBXFileReference; explicitFileType = wrapper.application; includeInIndex = 0; path = pegglegame.app; sourceTree = BUILT_PRODUCTS_DIR; };
		6F67843A2796584F0086CC9A /* PegglegameApp.swift */ = {isa = PBXFileReference; lastKnownFileType = sourcecode.swift; path = PegglegameApp.swift; sourceTree = "<group>"; };
		6F67843E279658510086CC9A /* Assets.xcassets */ = {isa = PBXFileReference; lastKnownFileType = folder.assetcatalog; path = Assets.xcassets; sourceTree = "<group>"; };
		6F678441279658510086CC9A /* Preview Assets.xcassets */ = {isa = PBXFileReference; lastKnownFileType = folder.assetcatalog; path = "Preview Assets.xcassets"; sourceTree = "<group>"; };
		6F8DC7A827B50B0A00B7D01A /* CoreGraphics+Extensions.swift */ = {isa = PBXFileReference; lastKnownFileType = sourcecode.swift; name = "CoreGraphics+Extensions.swift"; path = "Pegglegame/Extensions/CoreGraphics+Extensions.swift"; sourceTree = SOURCE_ROOT; };
		6F8DC7AA27B5238200B7D01A /* PhysicsEngineUtils.swift */ = {isa = PBXFileReference; lastKnownFileType = sourcecode.swift; name = PhysicsEngineUtils.swift; path = Pegglegame/PhysicsSimulator/PhysicsEngineUtils.swift; sourceTree = SOURCE_ROOT; };
		6F8DC7AC27B52B5400B7D01A /* RectangleBody.swift */ = {isa = PBXFileReference; lastKnownFileType = sourcecode.swift; name = RectangleBody.swift; path = Pegglegame/PhysicsSimulator/RectangleBody.swift; sourceTree = SOURCE_ROOT; };
		6F8DC7AE27B5EC6F00B7D01A /* Wall.swift */ = {isa = PBXFileReference; lastKnownFileType = sourcecode.swift; name = Wall.swift; path = Pegglegame/Model/Wall.swift; sourceTree = SOURCE_ROOT; };
		6F9B27CC27B6B880001EBF82 /* GameEngine.swift */ = {isa = PBXFileReference; lastKnownFileType = sourcecode.swift; name = GameEngine.swift; path = Pegglegame/GameRenderer/GameEngine.swift; sourceTree = SOURCE_ROOT; };
		6FA1870227C86F530070A1AF /* SpookyBallComponent.swift */ = {isa = PBXFileReference; lastKnownFileType = sourcecode.swift; name = SpookyBallComponent.swift; path = Pegglegame/GameComponents/Components/SpookyBallComponent.swift; sourceTree = SOURCE_ROOT; };
		6FA1870427C886640070A1AF /* BluePegComponent.swift */ = {isa = PBXFileReference; lastKnownFileType = sourcecode.swift; name = BluePegComponent.swift; path = Pegglegame/GameComponents/Components/BluePegComponent.swift; sourceTree = SOURCE_ROOT; };
		6FA1870627C8866D0070A1AF /* OrangePegComponent.swift */ = {isa = PBXFileReference; lastKnownFileType = sourcecode.swift; name = OrangePegComponent.swift; path = Pegglegame/GameComponents/Components/OrangePegComponent.swift; sourceTree = SOURCE_ROOT; };
		6FB8010F27A29BC300B82496 /* Board.swift */ = {isa = PBXFileReference; lastKnownFileType = sourcecode.swift; path = Board.swift; sourceTree = "<group>"; };
		6FB8011127A29D1F00B82496 /* EncodableObject.swift */ = {isa = PBXFileReference; lastKnownFileType = sourcecode.swift; path = EncodableObject.swift; sourceTree = "<group>"; };
		6FBA65D4279CCEB800F32DB4 /* PlaceholderObj.swift */ = {isa = PBXFileReference; lastKnownFileType = sourcecode.swift; path = PlaceholderObj.swift; sourceTree = "<group>"; };
		6FC1677927B95ED50068B726 /* pegglegameTests.xctest */ = {isa = PBXFileReference; explicitFileType = wrapper.cfbundle; includeInIndex = 0; path = pegglegameTests.xctest; sourceTree = BUILT_PRODUCTS_DIR; };
		6FC1677B27B95ED50068B726 /* pegglegameTests.swift */ = {isa = PBXFileReference; lastKnownFileType = sourcecode.swift; path = pegglegameTests.swift; sourceTree = "<group>"; };
		6FC3CFA027B80A6A001FC7CC /* GameBoardView.swift */ = {isa = PBXFileReference; lastKnownFileType = sourcecode.swift; name = GameBoardView.swift; path = Pegglegame/View/LevelDesigner/GameBoardView.swift; sourceTree = SOURCE_ROOT; };
		6FC3CFA227B80DA6001FC7CC /* BottomBarView.swift */ = {isa = PBXFileReference; lastKnownFileType = sourcecode.swift; name = BottomBarView.swift; path = Pegglegame/View/LevelDesigner/BottomBarView.swift; sourceTree = SOURCE_ROOT; };
		6FCE2AE427C88F9B0030771D /* ScoreComponent.swift */ = {isa = PBXFileReference; lastKnownFileType = sourcecode.swift; name = ScoreComponent.swift; path = Pegglegame/GameComponents/Components/ScoreComponent.swift; sourceTree = SOURCE_ROOT; };
		6FCE2AE627C896CF0030771D /* Bucket.swift */ = {isa = PBXFileReference; lastKnownFileType = sourcecode.swift; name = Bucket.swift; path = Pegglegame/Model/Bucket.swift; sourceTree = SOURCE_ROOT; };
		6FD6FF74279955DD0050141E /* LevelDesignerView.swift */ = {isa = PBXFileReference; lastKnownFileType = sourcecode.swift; path = LevelDesignerView.swift; sourceTree = "<group>"; };
		6FD6FF7727996E100050141E /* LevelDesignerViewModel.swift */ = {isa = PBXFileReference; lastKnownFileType = sourcecode.swift; path = LevelDesignerViewModel.swift; sourceTree = "<group>"; };
		6FD6FF7A27997C2D0050141E /* Peg.swift */ = {isa = PBXFileReference; lastKnownFileType = sourcecode.swift; path = Peg.swift; sourceTree = "<group>"; };
		6FD6FF7C27997D320050141E /* BluePeg.swift */ = {isa = PBXFileReference; lastKnownFileType = sourcecode.swift; path = BluePeg.swift; sourceTree = "<group>"; };
		6FD6FF7E27997E5A0050141E /* OrangePeg.swift */ = {isa = PBXFileReference; lastKnownFileType = sourcecode.swift; path = OrangePeg.swift; sourceTree = "<group>"; };
		6FDBB80B27AC37670014463B /* LazyView.swift */ = {isa = PBXFileReference; lastKnownFileType = sourcecode.swift; name = LazyView.swift; path = Pegglegame/LazyView.swift; sourceTree = SOURCE_ROOT; };
		6FF0C36B27A2EC5F0036BE11 /* PersistenceUtils.swift */ = {isa = PBXFileReference; lastKnownFileType = sourcecode.swift; path = PersistenceUtils.swift; sourceTree = "<group>"; };
		6FF0C36D27A368070036BE11 /* BoardList.swift */ = {isa = PBXFileReference; lastKnownFileType = sourcecode.swift; path = BoardList.swift; sourceTree = "<group>"; };
/* End PBXFileReference section */

/* Begin PBXFrameworksBuildPhase section */
		6F6784342796584F0086CC9A /* Frameworks */ = {
			isa = PBXFrameworksBuildPhase;
			buildActionMask = 2147483647;
			files = (
			);
			runOnlyForDeploymentPostprocessing = 0;
		};
		6FC1677627B95ED50068B726 /* Frameworks */ = {
			isa = PBXFrameworksBuildPhase;
			buildActionMask = 2147483647;
			files = (
			);
			runOnlyForDeploymentPostprocessing = 0;
		};
/* End PBXFrameworksBuildPhase section */

/* Begin PBXGroup section */
		6F35ED10279BEE6C004E2CDE /* PhysicsSimulator */ = {
			isa = PBXGroup;
			children = (
				6F1C9E90279BEEF60058C36A /* PhysicsBody.swift */,
				6F1C9E92279BF2A70058C36A /* PhysicsEngine.swift */,
				6F1C9E94279BF4B50058C36A /* CircleBody.swift */,
				6F8DC7AC27B52B5400B7D01A /* RectangleBody.swift */,
				6F8DC7AA27B5238200B7D01A /* PhysicsEngineUtils.swift */,
				6F54931F27C68A5100EB9568 /* TriangleBody.swift */,
			);
			path = PhysicsSimulator;
			sourceTree = "<group>";
		};
		6F374B5A27AA21090098F78E /* GameRenderer */ = {
			isa = PBXGroup;
			children = (
				6F374B5B27AA21150098F78E /* GameRenderer.swift */,
				6F9B27CC27B6B880001EBF82 /* GameEngine.swift */,
			);
			path = GameRenderer;
			sourceTree = "<group>";
		};
		6F54930327C4F37C00EB9568 /* StartMenu */ = {
			isa = PBXGroup;
			children = (
				6F54930127C4F33000EB9568 /* StartMenuView.swift */,
				6F54930427C4F3EB00EB9568 /* LogoView.swift */,
			);
			path = StartMenu;
			sourceTree = "<group>";
		};
		6F54930C27C6274C00EB9568 /* GameComponents */ = {
			isa = PBXGroup;
			children = (
				6F54931727C62B7300EB9568 /* Systems */,
				6F54930E27C6280000EB9568 /* Components */,
				6F54930D27C627D000EB9568 /* Entities */,
			);
			path = GameComponents;
			sourceTree = "<group>";
		};
		6F54930D27C627D000EB9568 /* Entities */ = {
			isa = PBXGroup;
			children = (
				6F1C9E96279C03210058C36A /* GameObject.swift */,
				6F254F7B27C9CAE400AA915B /* ScoreEngine.swift */,
			);
			path = Entities;
			sourceTree = "<group>";
		};
		6F54930E27C6280000EB9568 /* Components */ = {
			isa = PBXGroup;
			children = (
				6F54931127C6297B00EB9568 /* Component.swift */,
				6F54931527C62A7B00EB9568 /* PhysicsComponent.swift */,
				6F4675F827C789790058A2BF /* SpookyPegComponent.swift */,
				6F4675FA27C797070058A2BF /* KaboomPegComponent.swift */,
				6F4675FC27C798DF0058A2BF /* CannonBallComponent.swift */,
				6F46760027C79AE50058A2BF /* PegComponent.swift */,
				6F46760427C7CB020058A2BF /* ActivateOnHitComponent.swift */,
				6F455AC427C7D3DE003435B0 /* OscillatingComponent.swift */,
				6FA1870227C86F530070A1AF /* SpookyBallComponent.swift */,
				6FA1870427C886640070A1AF /* BluePegComponent.swift */,
				6FA1870627C8866D0070A1AF /* OrangePegComponent.swift */,
				6FCE2AE427C88F9B0030771D /* ScoreComponent.swift */,
				6F254F7327C927D100AA915B /* BucketComponent.swift */,
				6F254F7527C931FA00AA915B /* WallComponent.swift */,
				6F254F7D27CA1BBC00AA915B /* TriangleBlockComponent.swift */,
			);
			path = Components;
			sourceTree = "<group>";
		};
		6F54931727C62B7300EB9568 /* Systems */ = {
			isa = PBXGroup;
			children = (
				6F54931827C62B9000EB9568 /* EntityComponentSystem.swift */,
			);
			path = Systems;
			sourceTree = "<group>";
		};
		6F67842E2796584F0086CC9A = {
			isa = PBXGroup;
			children = (
				6F6784392796584F0086CC9A /* pegglegame */,
				6FC1677A27B95ED50068B726 /* pegglegameTests */,
				6F6784382796584F0086CC9A /* Products */,
			);
			sourceTree = "<group>";
		};
		6F6784382796584F0086CC9A /* Products */ = {
			isa = PBXGroup;
			children = (
				6F6784372796584F0086CC9A /* pegglegame.app */,
				6FC1677927B95ED50068B726 /* pegglegameTests.xctest */,
			);
			name = Products;
			sourceTree = "<group>";
		};
		6F6784392796584F0086CC9A /* pegglegame */ = {
			isa = PBXGroup;
			children = (
				6F54930C27C6274C00EB9568 /* GameComponents */,
				6F8DC7A727B50AA100B7D01A /* Extensions */,
				6F374B5A27AA21090098F78E /* GameRenderer */,
				6FB8010E27A29BB400B82496 /* Persistence */,
				6F35ED10279BEE6C004E2CDE /* PhysicsSimulator */,
				6FD6FF7927997A6F0050141E /* Model */,
				6FD6FF7627996DFA0050141E /* ViewModel */,
				6FD6FF73279955C10050141E /* View */,
				6F67843A2796584F0086CC9A /* PegglegameApp.swift */,
				6FDBB80B27AC37670014463B /* LazyView.swift */,
				6F67843E279658510086CC9A /* Assets.xcassets */,
				6F678440279658510086CC9A /* Preview Content */,
			);
			path = pegglegame;
			sourceTree = "<group>";
		};
		6F678440279658510086CC9A /* Preview Content */ = {
			isa = PBXGroup;
			children = (
				6F678441279658510086CC9A /* Preview Assets.xcassets */,
			);
			path = "Preview Content";
			sourceTree = "<group>";
		};
		6F8DC7A727B50AA100B7D01A /* Extensions */ = {
			isa = PBXGroup;
			children = (
				6F8DC7A827B50B0A00B7D01A /* CoreGraphics+Extensions.swift */,
			);
			path = Extensions;
			sourceTree = "<group>";
		};
		6F8DC7B027B5ECBA00B7D01A /* Pegs */ = {
			isa = PBXGroup;
			children = (
				6FD6FF7A27997C2D0050141E /* Peg.swift */,
				6FD6FF7C27997D320050141E /* BluePeg.swift */,
				6FD6FF7E27997E5A0050141E /* OrangePeg.swift */,
				6F4675F427C782D60058A2BF /* SpookyPeg.swift */,
				6F4675F627C783A00058A2BF /* KaboomPeg.swift */,
			);
			path = Pegs;
			sourceTree = "<group>";
		};
		6FB8010E27A29BB400B82496 /* Persistence */ = {
			isa = PBXGroup;
			children = (
				6FB8010F27A29BC300B82496 /* Board.swift */,
				6FB8011127A29D1F00B82496 /* EncodableObject.swift */,
				6FF0C36B27A2EC5F0036BE11 /* PersistenceUtils.swift */,
				6FF0C36D27A368070036BE11 /* BoardList.swift */,
			);
			path = Persistence;
			sourceTree = "<group>";
		};
		6FC1677A27B95ED50068B726 /* pegglegameTests */ = {
			isa = PBXGroup;
			children = (
				6FC1677B27B95ED50068B726 /* pegglegameTests.swift */,
			);
			path = pegglegameTests;
			sourceTree = "<group>";
		};
		6FC3CF9F27B80A51001FC7CC /* LevelDesigner */ = {
			isa = PBXGroup;
			children = (
				6FD6FF74279955DD0050141E /* LevelDesignerView.swift */,
				6FC3CFA027B80A6A001FC7CC /* GameBoardView.swift */,
				6FC3CFA227B80DA6001FC7CC /* BottomBarView.swift */,
				6F54930A27C518E300EB9568 /* SelectObjectView.swift */,
			);
			path = LevelDesigner;
			sourceTree = "<group>";
		};
		6FD6FF73279955C10050141E /* View */ = {
			isa = PBXGroup;
			children = (
				6F54930327C4F37C00EB9568 /* StartMenu */,
				6FC3CF9F27B80A51001FC7CC /* LevelDesigner */,
				6F2F5EE427A94E8F00D3F9B6 /* StartGameView.swift */,
				6F54930627C5138600EB9568 /* SelectLevelView.swift */,
			);
			path = View;
			sourceTree = "<group>";
		};
		6FD6FF7627996DFA0050141E /* ViewModel */ = {
			isa = PBXGroup;
			children = (
				6FD6FF7727996E100050141E /* LevelDesignerViewModel.swift */,
				6FBA65D4279CCEB800F32DB4 /* PlaceholderObj.swift */,
				6F5BD97E27A5582900988D75 /* KeyboardResponder.swift */,
				6F374B5827A9B7BF0098F78E /* StartGameViewModel.swift */,
				6F54930827C514BC00EB9568 /* SelectLevelViewModel.swift */,
			);
			path = ViewModel;
			sourceTree = "<group>";
		};
		6FD6FF7927997A6F0050141E /* Model */ = {
			isa = PBXGroup;
			children = (
				6F8DC7B027B5ECBA00B7D01A /* Pegs */,
				6F19293B27AD8BED00E74D57 /* Ball.swift */,
				6F8DC7AE27B5EC6F00B7D01A /* Wall.swift */,
				6F54931D27C68A0E00EB9568 /* TriangleBlock.swift */,
				6FCE2AE627C896CF0030771D /* Bucket.swift */,
			);
			path = Model;
			sourceTree = "<group>";
		};
/* End PBXGroup section */

/* Begin PBXNativeTarget section */
		6F6784362796584F0086CC9A /* pegglegame */ = {
			isa = PBXNativeTarget;
			buildConfigurationList = 6F67845B279658520086CC9A /* Build configuration list for PBXNativeTarget "pegglegame" */;
			buildPhases = (
				6F6784332796584F0086CC9A /* Sources */,
				6F6784342796584F0086CC9A /* Frameworks */,
				6F6784352796584F0086CC9A /* Resources */,
				6FF0C37727A446460036BE11 /* Run Script */,
			);
			buildRules = (
			);
			dependencies = (
			);
			name = pegglegame;
			packageProductDependencies = (
			);
			productName = pegglegame;
			productReference = 6F6784372796584F0086CC9A /* pegglegame.app */;
			productType = "com.apple.product-type.application";
		};
		6FC1677827B95ED50068B726 /* pegglegameTests */ = {
			isa = PBXNativeTarget;
			buildConfigurationList = 6FC1677F27B95ED50068B726 /* Build configuration list for PBXNativeTarget "pegglegameTests" */;
			buildPhases = (
				6FC1677527B95ED50068B726 /* Sources */,
				6FC1677627B95ED50068B726 /* Frameworks */,
				6FC1677727B95ED50068B726 /* Resources */,
			);
			buildRules = (
			);
			dependencies = (
				6FC1677E27B95ED50068B726 /* PBXTargetDependency */,
			);
			name = pegglegameTests;
			productName = pegglegameTests;
			productReference = 6FC1677927B95ED50068B726 /* pegglegameTests.xctest */;
			productType = "com.apple.product-type.bundle.unit-test";
		};
/* End PBXNativeTarget section */

/* Begin PBXProject section */
		6F67842F2796584F0086CC9A /* Project object */ = {
			isa = PBXProject;
			attributes = {
				BuildIndependentTargetsInParallel = 1;
				LastSwiftUpdateCheck = 1320;
				LastUpgradeCheck = 1320;
				TargetAttributes = {
					6F6784362796584F0086CC9A = {
						CreatedOnToolsVersion = 13.2.1;
					};
					6FC1677827B95ED50068B726 = {
						CreatedOnToolsVersion = 13.2.1;
						TestTargetID = 6F6784362796584F0086CC9A;
					};
				};
			};
			buildConfigurationList = 6F6784322796584F0086CC9A /* Build configuration list for PBXProject "pegglegame" */;
			compatibilityVersion = "Xcode 13.0";
			developmentRegion = en;
			hasScannedForEncodings = 0;
			knownRegions = (
				en,
				Base,
			);
			mainGroup = 6F67842E2796584F0086CC9A;
			packageReferences = (
			);
			productRefGroup = 6F6784382796584F0086CC9A /* Products */;
			projectDirPath = "";
			projectRoot = "";
			targets = (
				6F6784362796584F0086CC9A /* pegglegame */,
				6FC1677827B95ED50068B726 /* pegglegameTests */,
			);
		};
/* End PBXProject section */

/* Begin PBXResourcesBuildPhase section */
		6F6784352796584F0086CC9A /* Resources */ = {
			isa = PBXResourcesBuildPhase;
			buildActionMask = 2147483647;
			files = (
				6F678442279658510086CC9A /* Preview Assets.xcassets in Resources */,
				6F67843F279658510086CC9A /* Assets.xcassets in Resources */,
			);
			runOnlyForDeploymentPostprocessing = 0;
		};
		6FC1677727B95ED50068B726 /* Resources */ = {
			isa = PBXResourcesBuildPhase;
			buildActionMask = 2147483647;
			files = (
			);
			runOnlyForDeploymentPostprocessing = 0;
		};
/* End PBXResourcesBuildPhase section */

/* Begin PBXShellScriptBuildPhase section */
		6FF0C37727A446460036BE11 /* Run Script */ = {
			isa = PBXShellScriptBuildPhase;
			buildActionMask = 2147483647;
			files = (
			);
			inputFileListPaths = (
			);
			inputPaths = (
			);
			name = "Run Script";
			outputFileListPaths = (
			);
			outputPaths = (
			);
			runOnlyForDeploymentPostprocessing = 0;
			shellPath = /bin/sh;
			shellScript = "if test -d \"/opt/homebrew/bin/\"; then\n  PATH=\"/opt/homebrew/bin/:${PATH}\"\nfi\n\nexport PATH\n\nif which swiftlint >/dev/null; then\n  swiftlint\nelse\n  echo \"warning: SwiftLint not installed, download from https://github.com/realm/SwiftLint\"\nfi\n\n";
		};
/* End PBXShellScriptBuildPhase section */

/* Begin PBXSourcesBuildPhase section */
		6F6784332796584F0086CC9A /* Sources */ = {
			isa = PBXSourcesBuildPhase;
			buildActionMask = 2147483647;
			files = (
				6F19293C27AD8BED00E74D57 /* Ball.swift in Sources */,
				6F54930727C5138600EB9568 /* SelectLevelView.swift in Sources */,
				6F46760527C7CB020058A2BF /* ActivateOnHitComponent.swift in Sources */,
				6FD6FF7F27997E5A0050141E /* OrangePeg.swift in Sources */,
				6F54931627C62A7B00EB9568 /* PhysicsComponent.swift in Sources */,
				6FF0C36E27A368070036BE11 /* BoardList.swift in Sources */,
				6FD6FF7B27997C2D0050141E /* Peg.swift in Sources */,
				6F54931E27C68A0E00EB9568 /* TriangleBlock.swift in Sources */,
				6F5BD97F27A5582900988D75 /* KeyboardResponder.swift in Sources */,
				6F4675F927C789790058A2BF /* SpookyPegComponent.swift in Sources */,
				6FB8011027A29BC300B82496 /* Board.swift in Sources */,
				6FD6FF7D27997D320050141E /* BluePeg.swift in Sources */,
				6FCE2AE727C896CF0030771D /* Bucket.swift in Sources */,
				6FA1870727C8866D0070A1AF /* OrangePegComponent.swift in Sources */,
				6F4675F527C782D60058A2BF /* SpookyPeg.swift in Sources */,
				6F54930227C4F33000EB9568 /* StartMenuView.swift in Sources */,
				6F9B27CD27B6B880001EBF82 /* GameEngine.swift in Sources */,
				6F4675F727C783A00058A2BF /* KaboomPeg.swift in Sources */,
				6F254F7627C931FA00AA915B /* WallComponent.swift in Sources */,
				6FDBB80C27AC37670014463B /* LazyView.swift in Sources */,
				6F54932027C68A5100EB9568 /* TriangleBody.swift in Sources */,
				6F46760127C79AE50058A2BF /* PegComponent.swift in Sources */,
				6F1C9E95279BF4B50058C36A /* CircleBody.swift in Sources */,
				6F4675FD27C798DF0058A2BF /* CannonBallComponent.swift in Sources */,
				6F8DC7AD27B52B5400B7D01A /* RectangleBody.swift in Sources */,
				6FF0C36C27A2EC600036BE11 /* PersistenceUtils.swift in Sources */,
				6F254F7427C927D100AA915B /* BucketComponent.swift in Sources */,
				6F8DC7A927B50B0A00B7D01A /* CoreGraphics+Extensions.swift in Sources */,
				6FA1870527C886640070A1AF /* BluePegComponent.swift in Sources */,
				6FD6FF7827996E100050141E /* LevelDesignerViewModel.swift in Sources */,
				6FC3CFA127B80A6A001FC7CC /* GameBoardView.swift in Sources */,
				6FCE2AE527C88F9B0030771D /* ScoreComponent.swift in Sources */,
				6F8DC7AB27B5238200B7D01A /* PhysicsEngineUtils.swift in Sources */,
				6F254F7E27CA1BBC00AA915B /* TriangleBlockComponent.swift in Sources */,
				6F2F5EE527A94E8F00D3F9B6 /* StartGameView.swift in Sources */,
				6F54931927C62B9000EB9568 /* EntityComponentSystem.swift in Sources */,
				6FB8011227A29D2000B82496 /* EncodableObject.swift in Sources */,
				6F254F7C27C9CAE400AA915B /* ScoreEngine.swift in Sources */,
				6FA1870327C86F530070A1AF /* SpookyBallComponent.swift in Sources */,
				6F67843B2796584F0086CC9A /* PegglegameApp.swift in Sources */,
				6F455AC527C7D3DE003435B0 /* OscillatingComponent.swift in Sources */,
				6FC3CFA327B80DA6001FC7CC /* BottomBarView.swift in Sources */,
				6F1C9E97279C03210058C36A /* GameObject.swift in Sources */,
				6FBA65D5279CCEB800F32DB4 /* PlaceholderObj.swift in Sources */,
				6FD6FF75279955DD0050141E /* LevelDesignerView.swift in Sources */,
				6F54930927C514BC00EB9568 /* SelectLevelViewModel.swift in Sources */,
				6F374B5C27AA21150098F78E /* GameRenderer.swift in Sources */,
				6F54930527C4F3EB00EB9568 /* LogoView.swift in Sources */,
				6F4675FB27C797070058A2BF /* KaboomPegComponent.swift in Sources */,
				6F54931227C6297B00EB9568 /* Component.swift in Sources */,
				6F1C9E91279BEEF60058C36A /* PhysicsBody.swift in Sources */,
				6F1C9E93279BF2A70058C36A /* PhysicsEngine.swift in Sources */,
				6F8DC7AF27B5EC6F00B7D01A /* Wall.swift in Sources */,
				6F54930B27C518E300EB9568 /* SelectObjectView.swift in Sources */,
				6F374B5927A9B7BF0098F78E /* StartGameViewModel.swift in Sources */,
			);
			runOnlyForDeploymentPostprocessing = 0;
		};
		6FC1677527B95ED50068B726 /* Sources */ = {
			isa = PBXSourcesBuildPhase;
			buildActionMask = 2147483647;
			files = (
				6FC1677C27B95ED50068B726 /* pegglegameTests.swift in Sources */,
			);
			runOnlyForDeploymentPostprocessing = 0;
		};
/* End PBXSourcesBuildPhase section */

/* Begin PBXTargetDependency section */
		6FC1677E27B95ED50068B726 /* PBXTargetDependency */ = {
			isa = PBXTargetDependency;
			target = 6F6784362796584F0086CC9A /* pegglegame */;
			targetProxy = 6FC1677D27B95ED50068B726 /* PBXContainerItemProxy */;
		};
/* End PBXTargetDependency section */

/* Begin XCBuildConfiguration section */
		6F678459279658520086CC9A /* Debug */ = {
			isa = XCBuildConfiguration;
			buildSettings = {
				ALWAYS_SEARCH_USER_PATHS = NO;
				CLANG_ANALYZER_NONNULL = YES;
				CLANG_ANALYZER_NUMBER_OBJECT_CONVERSION = YES_AGGRESSIVE;
				CLANG_CXX_LANGUAGE_STANDARD = "gnu++17";
				CLANG_CXX_LIBRARY = "libc++";
				CLANG_ENABLE_MODULES = YES;
				CLANG_ENABLE_OBJC_ARC = YES;
				CLANG_ENABLE_OBJC_WEAK = YES;
				CLANG_WARN_BLOCK_CAPTURE_AUTORELEASING = YES;
				CLANG_WARN_BOOL_CONVERSION = YES;
				CLANG_WARN_COMMA = YES;
				CLANG_WARN_CONSTANT_CONVERSION = YES;
				CLANG_WARN_DEPRECATED_OBJC_IMPLEMENTATIONS = YES;
				CLANG_WARN_DIRECT_OBJC_ISA_USAGE = YES_ERROR;
				CLANG_WARN_DOCUMENTATION_COMMENTS = YES;
				CLANG_WARN_EMPTY_BODY = YES;
				CLANG_WARN_ENUM_CONVERSION = YES;
				CLANG_WARN_INFINITE_RECURSION = YES;
				CLANG_WARN_INT_CONVERSION = YES;
				CLANG_WARN_NON_LITERAL_NULL_CONVERSION = YES;
				CLANG_WARN_OBJC_IMPLICIT_RETAIN_SELF = YES;
				CLANG_WARN_OBJC_LITERAL_CONVERSION = YES;
				CLANG_WARN_OBJC_ROOT_CLASS = YES_ERROR;
				CLANG_WARN_QUOTED_INCLUDE_IN_FRAMEWORK_HEADER = YES;
				CLANG_WARN_RANGE_LOOP_ANALYSIS = YES;
				CLANG_WARN_STRICT_PROTOTYPES = YES;
				CLANG_WARN_SUSPICIOUS_MOVE = YES;
				CLANG_WARN_UNGUARDED_AVAILABILITY = YES_AGGRESSIVE;
				CLANG_WARN_UNREACHABLE_CODE = YES;
				CLANG_WARN__DUPLICATE_METHOD_MATCH = YES;
				COPY_PHASE_STRIP = NO;
				DEBUG_INFORMATION_FORMAT = dwarf;
				ENABLE_STRICT_OBJC_MSGSEND = YES;
				ENABLE_TESTABILITY = YES;
				GCC_C_LANGUAGE_STANDARD = gnu11;
				GCC_DYNAMIC_NO_PIC = NO;
				GCC_NO_COMMON_BLOCKS = YES;
				GCC_OPTIMIZATION_LEVEL = 0;
				GCC_PREPROCESSOR_DEFINITIONS = (
					"DEBUG=1",
					"$(inherited)",
				);
				GCC_WARN_64_TO_32_BIT_CONVERSION = YES;
				GCC_WARN_ABOUT_RETURN_TYPE = YES_ERROR;
				GCC_WARN_UNDECLARED_SELECTOR = YES;
				GCC_WARN_UNINITIALIZED_AUTOS = YES_AGGRESSIVE;
				GCC_WARN_UNUSED_FUNCTION = YES;
				GCC_WARN_UNUSED_VARIABLE = YES;
				INFOPLIST_KEY_UISupportedInterfaceOrientations = "";
				INFOPLIST_KEY_UISupportedInterfaceOrientations_iPad = "";
				INFOPLIST_KEY_UISupportedInterfaceOrientations_iPhone = "";
				IPHONEOS_DEPLOYMENT_TARGET = 15.2;
				MACH_O_TYPE = mh_execute;
				MTL_ENABLE_DEBUG_INFO = INCLUDE_SOURCE;
				MTL_FAST_MATH = YES;
				NEW_SETTING = "";
				ONLY_ACTIVE_ARCH = YES;
				SDKROOT = iphoneos;
				SWIFT_ACTIVE_COMPILATION_CONDITIONS = DEBUG;
				SWIFT_OPTIMIZATION_LEVEL = "-Onone";
			};
			name = Debug;
		};
		6F67845A279658520086CC9A /* Release */ = {
			isa = XCBuildConfiguration;
			buildSettings = {
				ALWAYS_SEARCH_USER_PATHS = NO;
				CLANG_ANALYZER_NONNULL = YES;
				CLANG_ANALYZER_NUMBER_OBJECT_CONVERSION = YES_AGGRESSIVE;
				CLANG_CXX_LANGUAGE_STANDARD = "gnu++17";
				CLANG_CXX_LIBRARY = "libc++";
				CLANG_ENABLE_MODULES = YES;
				CLANG_ENABLE_OBJC_ARC = YES;
				CLANG_ENABLE_OBJC_WEAK = YES;
				CLANG_WARN_BLOCK_CAPTURE_AUTORELEASING = YES;
				CLANG_WARN_BOOL_CONVERSION = YES;
				CLANG_WARN_COMMA = YES;
				CLANG_WARN_CONSTANT_CONVERSION = YES;
				CLANG_WARN_DEPRECATED_OBJC_IMPLEMENTATIONS = YES;
				CLANG_WARN_DIRECT_OBJC_ISA_USAGE = YES_ERROR;
				CLANG_WARN_DOCUMENTATION_COMMENTS = YES;
				CLANG_WARN_EMPTY_BODY = YES;
				CLANG_WARN_ENUM_CONVERSION = YES;
				CLANG_WARN_INFINITE_RECURSION = YES;
				CLANG_WARN_INT_CONVERSION = YES;
				CLANG_WARN_NON_LITERAL_NULL_CONVERSION = YES;
				CLANG_WARN_OBJC_IMPLICIT_RETAIN_SELF = YES;
				CLANG_WARN_OBJC_LITERAL_CONVERSION = YES;
				CLANG_WARN_OBJC_ROOT_CLASS = YES_ERROR;
				CLANG_WARN_QUOTED_INCLUDE_IN_FRAMEWORK_HEADER = YES;
				CLANG_WARN_RANGE_LOOP_ANALYSIS = YES;
				CLANG_WARN_STRICT_PROTOTYPES = YES;
				CLANG_WARN_SUSPICIOUS_MOVE = YES;
				CLANG_WARN_UNGUARDED_AVAILABILITY = YES_AGGRESSIVE;
				CLANG_WARN_UNREACHABLE_CODE = YES;
				CLANG_WARN__DUPLICATE_METHOD_MATCH = YES;
				COPY_PHASE_STRIP = NO;
				DEBUG_INFORMATION_FORMAT = "dwarf-with-dsym";
				ENABLE_NS_ASSERTIONS = NO;
				ENABLE_STRICT_OBJC_MSGSEND = YES;
				GCC_C_LANGUAGE_STANDARD = gnu11;
				GCC_NO_COMMON_BLOCKS = YES;
				GCC_WARN_64_TO_32_BIT_CONVERSION = YES;
				GCC_WARN_ABOUT_RETURN_TYPE = YES_ERROR;
				GCC_WARN_UNDECLARED_SELECTOR = YES;
				GCC_WARN_UNINITIALIZED_AUTOS = YES_AGGRESSIVE;
				GCC_WARN_UNUSED_FUNCTION = YES;
				GCC_WARN_UNUSED_VARIABLE = YES;
				INFOPLIST_KEY_UISupportedInterfaceOrientations = "";
				INFOPLIST_KEY_UISupportedInterfaceOrientations_iPad = "";
				INFOPLIST_KEY_UISupportedInterfaceOrientations_iPhone = "";
				IPHONEOS_DEPLOYMENT_TARGET = 15.2;
				MACH_O_TYPE = mh_execute;
				MTL_ENABLE_DEBUG_INFO = NO;
				MTL_FAST_MATH = YES;
				NEW_SETTING = "";
				SDKROOT = iphoneos;
				SWIFT_COMPILATION_MODE = wholemodule;
				SWIFT_OPTIMIZATION_LEVEL = "-O";
				VALIDATE_PRODUCT = YES;
			};
			name = Release;
		};
		6F67845C279658520086CC9A /* Debug */ = {
			isa = XCBuildConfiguration;
			buildSettings = {
				ASSETCATALOG_COMPILER_APPICON_NAME = AppIcon;
				ASSETCATALOG_COMPILER_GLOBAL_ACCENT_COLOR_NAME = AccentColor;
				CODE_SIGN_STYLE = Automatic;
				CURRENT_PROJECT_VERSION = 1;
				DEVELOPMENT_ASSET_PATHS = "\"pegglegame/Preview Content\"";
				DEVELOPMENT_TEAM = HN6GGKL69G;
				ENABLE_PREVIEWS = YES;
				GENERATE_INFOPLIST_FILE = YES;
				INFOPLIST_KEY_UIApplicationSceneManifest_Generation = YES;
				INFOPLIST_KEY_UIApplicationSupportsIndirectInputEvents = YES;
				INFOPLIST_KEY_UILaunchScreen_Generation = YES;
				INFOPLIST_KEY_UISupportedInterfaceOrientations = UIInterfaceOrientationPortrait;
				INFOPLIST_KEY_UISupportedInterfaceOrientations_iPad = UIInterfaceOrientationPortrait;
				INFOPLIST_KEY_UISupportedInterfaceOrientations_iPhone = UIInterfaceOrientationPortrait;
				LD_RUNPATH_SEARCH_PATHS = (
					"$(inherited)",
					"@executable_path/Frameworks",
				);
				MARKETING_VERSION = 1.0;
				PRODUCT_BUNDLE_IDENTIFIER = kevinchua.pegglegame;
				PRODUCT_NAME = "$(TARGET_NAME)";
				SWIFT_EMIT_LOC_STRINGS = YES;
				SWIFT_VERSION = 5.0;
				TARGETED_DEVICE_FAMILY = "1,2";
			};
			name = Debug;
		};
		6F67845D279658520086CC9A /* Release */ = {
			isa = XCBuildConfiguration;
			buildSettings = {
				ASSETCATALOG_COMPILER_APPICON_NAME = AppIcon;
				ASSETCATALOG_COMPILER_GLOBAL_ACCENT_COLOR_NAME = AccentColor;
				CODE_SIGN_STYLE = Automatic;
				CURRENT_PROJECT_VERSION = 1;
				DEVELOPMENT_ASSET_PATHS = "\"pegglegame/Preview Content\"";
				DEVELOPMENT_TEAM = HN6GGKL69G;
				ENABLE_PREVIEWS = YES;
				GENERATE_INFOPLIST_FILE = YES;
				INFOPLIST_KEY_UIApplicationSceneManifest_Generation = YES;
				INFOPLIST_KEY_UIApplicationSupportsIndirectInputEvents = YES;
				INFOPLIST_KEY_UILaunchScreen_Generation = YES;
				INFOPLIST_KEY_UISupportedInterfaceOrientations = UIInterfaceOrientationPortrait;
				INFOPLIST_KEY_UISupportedInterfaceOrientations_iPad = UIInterfaceOrientationPortrait;
				INFOPLIST_KEY_UISupportedInterfaceOrientations_iPhone = UIInterfaceOrientationPortrait;
				LD_RUNPATH_SEARCH_PATHS = (
					"$(inherited)",
					"@executable_path/Frameworks",
				);
				MARKETING_VERSION = 1.0;
				PRODUCT_BUNDLE_IDENTIFIER = kevinchua.pegglegame;
				PRODUCT_NAME = "$(TARGET_NAME)";
				SWIFT_EMIT_LOC_STRINGS = YES;
				SWIFT_VERSION = 5.0;
				TARGETED_DEVICE_FAMILY = "1,2";
			};
			name = Release;
		};
		6FC1678027B95ED50068B726 /* Debug */ = {
			isa = XCBuildConfiguration;
			buildSettings = {
				BUNDLE_LOADER = "$(TEST_HOST)";
				CODE_SIGN_STYLE = Automatic;
				CURRENT_PROJECT_VERSION = 1;
				DEVELOPMENT_TEAM = HN6GGKL69G;
				GENERATE_INFOPLIST_FILE = YES;
				MACH_O_TYPE = mh_bundle;
				MARKETING_VERSION = 1.0;
				PRODUCT_BUNDLE_IDENTIFIER = kevin.pegglegameTests;
				PRODUCT_NAME = "$(TARGET_NAME)";
				SWIFT_EMIT_LOC_STRINGS = NO;
				SWIFT_VERSION = 5.0;
				TARGETED_DEVICE_FAMILY = "1,2";
				TEST_HOST = "$(BUILT_PRODUCTS_DIR)/pegglegame.app/pegglegame";
			};
			name = Debug;
		};
		6FC1678127B95ED50068B726 /* Release */ = {
			isa = XCBuildConfiguration;
			buildSettings = {
				BUNDLE_LOADER = "$(TEST_HOST)";
				CODE_SIGN_STYLE = Automatic;
				CURRENT_PROJECT_VERSION = 1;
				DEVELOPMENT_TEAM = HN6GGKL69G;
				GENERATE_INFOPLIST_FILE = YES;
				MACH_O_TYPE = mh_bundle;
				MARKETING_VERSION = 1.0;
				PRODUCT_BUNDLE_IDENTIFIER = kevin.pegglegameTests;
				PRODUCT_NAME = "$(TARGET_NAME)";
				SWIFT_EMIT_LOC_STRINGS = NO;
				SWIFT_VERSION = 5.0;
				TARGETED_DEVICE_FAMILY = "1,2";
				TEST_HOST = "$(BUILT_PRODUCTS_DIR)/pegglegame.app/pegglegame";
			};
			name = Release;
		};
/* End XCBuildConfiguration section */

/* Begin XCConfigurationList section */
		6F6784322796584F0086CC9A /* Build configuration list for PBXProject "pegglegame" */ = {
			isa = XCConfigurationList;
			buildConfigurations = (
				6F678459279658520086CC9A /* Debug */,
				6F67845A279658520086CC9A /* Release */,
			);
			defaultConfigurationIsVisible = 0;
			defaultConfigurationName = Release;
		};
		6F67845B279658520086CC9A /* Build configuration list for PBXNativeTarget "pegglegame" */ = {
			isa = XCConfigurationList;
			buildConfigurations = (
				6F67845C279658520086CC9A /* Debug */,
				6F67845D279658520086CC9A /* Release */,
			);
			defaultConfigurationIsVisible = 0;
			defaultConfigurationName = Release;
		};
		6FC1677F27B95ED50068B726 /* Build configuration list for PBXNativeTarget "pegglegameTests" */ = {
			isa = XCConfigurationList;
			buildConfigurations = (
				6FC1678027B95ED50068B726 /* Debug */,
				6FC1678127B95ED50068B726 /* Release */,
			);
			defaultConfigurationIsVisible = 0;
			defaultConfigurationName = Release;
		};
/* End XCConfigurationList section */
	};
	rootObject = 6F67842F2796584F0086CC9A /* Project object */;
}
